// !$*UTF8*$!
{
	archiveVersion = 1;
	classes = {
	};
	objectVersion = 46;
	objects = {

/* Begin PBXBuildFile section */
		6347927E1B2B7E06001E5DDC /* AppDelegate.swift in Sources */ = {isa = PBXBuildFile; fileRef = 6347927D1B2B7E06001E5DDC /* AppDelegate.swift */; };
		634792801B2B7E06001E5DDC /* ViewController.swift in Sources */ = {isa = PBXBuildFile; fileRef = 6347927F1B2B7E06001E5DDC /* ViewController.swift */; };
		634792831B2B7E06001E5DDC /* Main.storyboard in Resources */ = {isa = PBXBuildFile; fileRef = 634792811B2B7E06001E5DDC /* Main.storyboard */; };
		634792851B2B7E06001E5DDC /* Images.xcassets in Resources */ = {isa = PBXBuildFile; fileRef = 634792841B2B7E06001E5DDC /* Images.xcassets */; };
		634792881B2B7E06001E5DDC /* LaunchScreen.xib in Resources */ = {isa = PBXBuildFile; fileRef = 634792861B2B7E06001E5DDC /* LaunchScreen.xib */; };
		634792941B2B7E06001E5DDC /* RadiozoaTests.swift in Sources */ = {isa = PBXBuildFile; fileRef = 634792931B2B7E06001E5DDC /* RadiozoaTests.swift */; };
/* End PBXBuildFile section */

/* Begin PBXContainerItemProxy section */
		6347928E1B2B7E06001E5DDC /* PBXContainerItemProxy */ = {
			isa = PBXContainerItemProxy;
			containerPortal = 634792701B2B7E06001E5DDC /* Project object */;
			proxyType = 1;
			remoteGlobalIDString = 634792771B2B7E06001E5DDC;
			remoteInfo = Radiozoa;
		};
/* End PBXContainerItemProxy section */

/* Begin PBXFileReference section */
		634792781B2B7E06001E5DDC /* Radiozoa.app */ = {isa = PBXFileReference; explicitFileType = wrapper.application; includeInIndex = 0; path = Radiozoa.app; sourceTree = BUILT_PRODUCTS_DIR; };
		6347927C1B2B7E06001E5DDC /* Info.plist */ = {isa = PBXFileReference; lastKnownFileType = text.plist.xml; path = Info.plist; sourceTree = "<group>"; };
		6347927D1B2B7E06001E5DDC /* AppDelegate.swift */ = {isa = PBXFileReference; lastKnownFileType = sourcecode.swift; path = AppDelegate.swift; sourceTree = "<group>"; };
		6347927F1B2B7E06001E5DDC /* ViewController.swift */ = {isa = PBXFileReference; lastKnownFileType = sourcecode.swift; path = ViewController.swift; sourceTree = "<group>"; };
		634792821B2B7E06001E5DDC /* Base */ = {isa = PBXFileReference; lastKnownFileType = file.storyboard; name = Base; path = Base.lproj/Main.storyboard; sourceTree = "<group>"; };
		634792841B2B7E06001E5DDC /* Images.xcassets */ = {isa = PBXFileReference; lastKnownFileType = folder.assetcatalog; path = Images.xcassets; sourceTree = "<group>"; };
		634792871B2B7E06001E5DDC /* Base */ = {isa = PBXFileReference; lastKnownFileType = file.xib; name = Base; path = Base.lproj/LaunchScreen.xib; sourceTree = "<group>"; };
		6347928D1B2B7E06001E5DDC /* RadiozoaTests.xctest */ = {isa = PBXFileReference; explicitFileType = wrapper.cfbundle; includeInIndex = 0; path = RadiozoaTests.xctest; sourceTree = BUILT_PRODUCTS_DIR; };
		634792921B2B7E06001E5DDC /* Info.plist */ = {isa = PBXFileReference; lastKnownFileType = text.plist.xml; path = Info.plist; sourceTree = "<group>"; };
		634792931B2B7E06001E5DDC /* RadiozoaTests.swift */ = {isa = PBXFileReference; lastKnownFileType = sourcecode.swift; path = RadiozoaTests.swift; sourceTree = "<group>"; };
/* End PBXFileReference section */

/* Begin PBXFrameworksBuildPhase section */
		634792751B2B7E06001E5DDC /* Frameworks */ = {
			isa = PBXFrameworksBuildPhase;
			buildActionMask = 2147483647;
			files = (
			);
			runOnlyForDeploymentPostprocessing = 0;
		};
		6347928A1B2B7E06001E5DDC /* Frameworks */ = {
			isa = PBXFrameworksBuildPhase;
			buildActionMask = 2147483647;
			files = (
			);
			runOnlyForDeploymentPostprocessing = 0;
		};
/* End PBXFrameworksBuildPhase section */

/* Begin PBXGroup section */
		6347926F1B2B7E06001E5DDC = {
			isa = PBXGroup;
			children = (
				6347927A1B2B7E06001E5DDC /* Radiozoa */,
				634792901B2B7E06001E5DDC /* RadiozoaTests */,
				634792791B2B7E06001E5DDC /* Products */,
			);
			sourceTree = "<group>";
		};
		634792791B2B7E06001E5DDC /* Products */ = {
			isa = PBXGroup;
			children = (
				634792781B2B7E06001E5DDC /* Radiozoa.app */,
				6347928D1B2B7E06001E5DDC /* RadiozoaTests.xctest */,
			);
			name = Products;
			sourceTree = "<group>";
		};
		6347927A1B2B7E06001E5DDC /* Radiozoa */ = {
			isa = PBXGroup;
			children = (
				6347927D1B2B7E06001E5DDC /* AppDelegate.swift */,
				6347927F1B2B7E06001E5DDC /* ViewController.swift */,
				634792811B2B7E06001E5DDC /* Main.storyboard */,
				634792841B2B7E06001E5DDC /* Images.xcassets */,
				634792861B2B7E06001E5DDC /* LaunchScreen.xib */,
				6347927B1B2B7E06001E5DDC /* Supporting Files */,
			);
			path = Radiozoa;
			sourceTree = "<group>";
		};
		6347927B1B2B7E06001E5DDC /* Supporting Files */ = {
			isa = PBXGroup;
			children = (
				6347927C1B2B7E06001E5DDC /* Info.plist */,
			);
			name = "Supporting Files";
			sourceTree = "<group>";
		};
		634792901B2B7E06001E5DDC /* RadiozoaTests */ = {
			isa = PBXGroup;
			children = (
				634792931B2B7E06001E5DDC /* RadiozoaTests.swift */,
				634792911B2B7E06001E5DDC /* Supporting Files */,
			);
			path = RadiozoaTests;
			sourceTree = "<group>";
		};
		634792911B2B7E06001E5DDC /* Supporting Files */ = {
			isa = PBXGroup;
			children = (
				634792921B2B7E06001E5DDC /* Info.plist */,
			);
			name = "Supporting Files";
			sourceTree = "<group>";
		};
/* End PBXGroup section */

/* Begin PBXNativeTarget section */
		634792771B2B7E06001E5DDC /* Radiozoa */ = {
			isa = PBXNativeTarget;
			buildConfigurationList = 634792971B2B7E06001E5DDC /* Build configuration list for PBXNativeTarget "Radiozoa" */;
			buildPhases = (
				634792741B2B7E06001E5DDC /* Sources */,
				634792751B2B7E06001E5DDC /* Frameworks */,
				634792761B2B7E06001E5DDC /* Resources */,
			);
			buildRules = (
			);
			dependencies = (
			);
			name = Radiozoa;
			productName = Radiozoa;
			productReference = 634792781B2B7E06001E5DDC /* Radiozoa.app */;
			productType = "com.apple.product-type.application";
		};
		6347928C1B2B7E06001E5DDC /* RadiozoaTests */ = {
			isa = PBXNativeTarget;
			buildConfigurationList = 6347929A1B2B7E06001E5DDC /* Build configuration list for PBXNativeTarget "RadiozoaTests" */;
			buildPhases = (
				634792891B2B7E06001E5DDC /* Sources */,
				6347928A1B2B7E06001E5DDC /* Frameworks */,
				6347928B1B2B7E06001E5DDC /* Resources */,
			);
			buildRules = (
			);
			dependencies = (
				6347928F1B2B7E06001E5DDC /* PBXTargetDependency */,
			);
			name = RadiozoaTests;
			productName = RadiozoaTests;
			productReference = 6347928D1B2B7E06001E5DDC /* RadiozoaTests.xctest */;
			productType = "com.apple.product-type.bundle.unit-test";
		};
/* End PBXNativeTarget section */

/* Begin PBXProject section */
		634792701B2B7E06001E5DDC /* Project object */ = {
			isa = PBXProject;
			attributes = {
				LastUpgradeCheck = 0630;
				ORGANIZATIONNAME = "David Daly";
				TargetAttributes = {
					634792771B2B7E06001E5DDC = {
						CreatedOnToolsVersion = 6.3.2;
					};
					6347928C1B2B7E06001E5DDC = {
						CreatedOnToolsVersion = 6.3.2;
						TestTargetID = 634792771B2B7E06001E5DDC;
					};
				};
			};
			buildConfigurationList = 634792731B2B7E06001E5DDC /* Build configuration list for PBXProject "Radiozoa" */;
			compatibilityVersion = "Xcode 3.2";
			developmentRegion = English;
			hasScannedForEncodings = 0;
			knownRegions = (
				en,
				Base,
			);
			mainGroup = 6347926F1B2B7E06001E5DDC;
			productRefGroup = 634792791B2B7E06001E5DDC /* Products */;
			projectDirPath = "";
			projectRoot = "";
			targets = (
				634792771B2B7E06001E5DDC /* Radiozoa */,
				6347928C1B2B7E06001E5DDC /* RadiozoaTests */,
			);
		};
/* End PBXProject section */

/* Begin PBXResourcesBuildPhase section */
		634792761B2B7E06001E5DDC /* Resources */ = {
			isa = PBXResourcesBuildPhase;
			buildActionMask = 2147483647;
			files = (
				634792831B2B7E06001E5DDC /* Main.storyboard in Resources */,
				634792881B2B7E06001E5DDC /* LaunchScreen.xib in Resources */,
				634792851B2B7E06001E5DDC /* Images.xcassets in Resources */,
			);
			runOnlyForDeploymentPostprocessing = 0;
		};
		6347928B1B2B7E06001E5DDC /* Resources */ = {
			isa = PBXResourcesBuildPhase;
			buildActionMask = 2147483647;
			files = (
			);
			runOnlyForDeploymentPostprocessing = 0;
		};
/* End PBXResourcesBuildPhase section */

/* Begin PBXSourcesBuildPhase section */
		634792741B2B7E06001E5DDC /* Sources */ = {
			isa = PBXSourcesBuildPhase;
			buildActionMask = 2147483647;
			files = (
				634792801B2B7E06001E5DDC /* ViewController.swift in Sources */,
				6347927E1B2B7E06001E5DDC /* AppDelegate.swift in Sources */,
			);
			runOnlyForDeploymentPostprocessing = 0;
		};
		634792891B2B7E06001E5DDC /* Sources */ = {
			isa = PBXSourcesBuildPhase;
			buildActionMask = 2147483647;
			files = (
				634792941B2B7E06001E5DDC /* RadiozoaTests.swift in Sources */,
			);
			runOnlyForDeploymentPostprocessing = 0;
		};
/* End PBXSourcesBuildPhase section */

/* Begin PBXTargetDependency section */
		6347928F1B2B7E06001E5DDC /* PBXTargetDependency */ = {
			isa = PBXTargetDependency;
			target = 634792771B2B7E06001E5DDC /* Radiozoa */;
			targetProxy = 6347928E1B2B7E06001E5DDC /* PBXContainerItemProxy */;
		};
/* End PBXTargetDependency section */

/* Begin PBXVariantGroup section */
		634792811B2B7E06001E5DDC /* Main.storyboard */ = {
			isa = PBXVariantGroup;
			children = (
				634792821B2B7E06001E5DDC /* Base */,
			);
			name = Main.storyboard;
			sourceTree = "<group>";
		};
		634792861B2B7E06001E5DDC /* LaunchScreen.xib */ = {
			isa = PBXVariantGroup;
			children = (
				634792871B2B7E06001E5DDC /* Base */,
			);
			name = LaunchScreen.xib;
			sourceTree = "<group>";
		};
/* End PBXVariantGroup section */

/* Begin XCBuildConfiguration section */
		634792951B2B7E06001E5DDC /* Debug */ = {
			isa = XCBuildConfiguration;
			buildSettings = {
				ALWAYS_SEARCH_USER_PATHS = NO;
				CLANG_CXX_LANGUAGE_STANDARD = "gnu++0x";
				CLANG_CXX_LIBRARY = "libc++";
				CLANG_ENABLE_MODULES = YES;
				CLANG_ENABLE_OBJC_ARC = YES;
				CLANG_WARN_BOOL_CONVERSION = YES;
				CLANG_WARN_CONSTANT_CONVERSION = YES;
				CLANG_WARN_DIRECT_OBJC_ISA_USAGE = YES_ERROR;
				CLANG_WARN_EMPTY_BODY = YES;
				CLANG_WARN_ENUM_CONVERSION = YES;
				CLANG_WARN_INT_CONVERSION = YES;
				CLANG_WARN_OBJC_ROOT_CLASS = YES_ERROR;
				CLANG_WARN_UNREACHABLE_CODE = YES;
				CLANG_WARN__DUPLICATE_METHOD_MATCH = YES;
				"CODE_SIGN_IDENTITY[sdk=iphoneos*]" = "iPhone Developer";
				COPY_PHASE_STRIP = NO;
				DEBUG_INFORMATION_FORMAT = "dwarf-with-dsym";
				ENABLE_STRICT_OBJC_MSGSEND = YES;
				GCC_C_LANGUAGE_STANDARD = gnu99;
				GCC_DYNAMIC_NO_PIC = NO;
				GCC_NO_COMMON_BLOCKS = YES;
				GCC_OPTIMIZATION_LEVEL = 0;
				GCC_PREPROCESSOR_DEFINITIONS = (
					"DEBUG=1",
					"$(inherited)",
				);
				GCC_SYMBOLS_PRIVATE_EXTERN = NO;
				GCC_WARN_64_TO_32_BIT_CONVERSION = YES;
				GCC_WARN_ABOUT_RETURN_TYPE = YES_ERROR;
				GCC_WARN_UNDECLARED_SELECTOR = YES;
				GCC_WARN_UNINITIALIZED_AUTOS = YES_AGGRESSIVE;
				GCC_WARN_UNUSED_FUNCTION = YES;
				GCC_WARN_UNUSED_VARIABLE = YES;
				IPHONEOS_DEPLOYMENT_TARGET = 8.3;
				MTL_ENABLE_DEBUG_INFO = YES;
				ONLY_ACTIVE_ARCH = YES;
				SDKROOT = iphoneos;
				SWIFT_OPTIMIZATION_LEVEL = "-Onone";
			};
			name = Debug;
		};
		634792961B2B7E06001E5DDC /* Release */ = {
			isa = XCBuildConfiguration;
			buildSettings = {
				ALWAYS_SEARCH_USER_PATHS = NO;
				CLANG_CXX_LANGUAGE_STANDARD = "gnu++0x";
				CLANG_CXX_LIBRARY = "libc++";
				CLANG_ENABLE_MODULES = YES;
				CLANG_ENABLE_OBJC_ARC = YES;
				CLANG_WARN_BOOL_CONVERSION = YES;
				CLANG_WARN_CONSTANT_CONVERSION = YES;
				CLANG_WARN_DIRECT_OBJC_ISA_USAGE = YES_ERROR;
				CLANG_WARN_EMPTY_BODY = YES;
				CLANG_WARN_ENUM_CONVERSION = YES;
				CLANG_WARN_INT_CONVERSION = YES;
				CLANG_WARN_OBJC_ROOT_CLASS = YES_ERROR;
				CLANG_WARN_UNREACHABLE_CODE = YES;
				CLANG_WARN__DUPLICATE_METHOD_MATCH = YES;
				"CODE_SIGN_IDENTITY[sdk=iphoneos*]" = "iPhone Developer";
				COPY_PHASE_STRIP = NO;
				DEBUG_INFORMATION_FORMAT = "dwarf-with-dsym";
				ENABLE_NS_ASSERTIONS = NO;
				ENABLE_STRICT_OBJC_MSGSEND = YES;
				GCC_C_LANGUAGE_STANDARD = gnu99;
				GCC_NO_COMMON_BLOCKS = YES;
				GCC_WARN_64_TO_32_BIT_CONVERSION = YES;
				GCC_WARN_ABOUT_RETURN_TYPE = YES_ERROR;
				GCC_WARN_UNDECLARED_SELECTOR = YES;
				GCC_WARN_UNINITIALIZED_AUTOS = YES_AGGRESSIVE;
				GCC_WARN_UNUSED_FUNCTION = YES;
				GCC_WARN_UNUSED_VARIABLE = YES;
				IPHONEOS_DEPLOYMENT_TARGET = 8.3;
				MTL_ENABLE_DEBUG_INFO = NO;
				SDKROOT = iphoneos;
				VALIDATE_PRODUCT = YES;
			};
			name = Release;
		};
		634792981B2B7E06001E5DDC /* Debug */ = {
			isa = XCBuildConfiguration;
			buildSettings = {
				ASSETCATALOG_COMPILER_APPICON_NAME = AppIcon;
				INFOPLIST_FILE = Radiozoa/Info.plist;
				LD_RUNPATH_SEARCH_PATHS = "$(inherited) @executable_path/Frameworks";
				PRODUCT_NAME = "$(TARGET_NAME)";
			};
			name = Debug;
		};
		634792991B2B7E06001E5DDC /* Release */ = {
			isa = XCBuildConfiguration;
			buildSettings = {
				ASSETCATALOG_COMPILER_APPICON_NAME = AppIcon;
				INFOPLIST_FILE = Radiozoa/Info.plist;
				LD_RUNPATH_SEARCH_PATHS = "$(inherited) @executable_path/Frameworks";
				PRODUCT_NAME = "$(TARGET_NAME)";
			};
			name = Release;
		};
		6347929B1B2B7E06001E5DDC /* Debug */ = {
			isa = XCBuildConfiguration;
			buildSettings = {
				BUNDLE_LOADER = "$(TEST_HOST)";
				FRAMEWORK_SEARCH_PATHS = (
					"$(SDKROOT)/Developer/Library/Frameworks",
					"$(inherited)",
				);
				GCC_PREPROCESSOR_DEFINITIONS = (
					"DEBUG=1",
					"$(inherited)",
				);
				INFOPLIST_FILE = RadiozoaTests/Info.plist;
				LD_RUNPATH_SEARCH_PATHS = "$(inherited) @executable_path/Frameworks @loader_path/Frameworks";
				PRODUCT_NAME = "$(TARGET_NAME)";
				TEST_HOST = "$(BUILT_PRODUCTS_DIR)/Radiozoa.app/Radiozoa";
			};
			name = Debug;
		};
		6347929C1B2B7E06001E5DDC /* Release */ = {
			isa = XCBuildConfiguration;
			buildSettings = {
				BUNDLE_LOADER = "$(TEST_HOST)";
				FRAMEWORK_SEARCH_PATHS = (
					"$(SDKROOT)/Developer/Library/Frameworks",
					"$(inherited)",
				);
				INFOPLIST_FILE = RadiozoaTests/Info.plist;
				LD_RUNPATH_SEARCH_PATHS = "$(inherited) @executable_path/Frameworks @loader_path/Frameworks";
				PRODUCT_NAME = "$(TARGET_NAME)";
				TEST_HOST = "$(BUILT_PRODUCTS_DIR)/Radiozoa.app/Radiozoa";
			};
			name = Release;
		};
/* End XCBuildConfiguration section */

/* Begin XCConfigurationList section */
		634792731B2B7E06001E5DDC /* Build configuration list for PBXProject "Radiozoa" */ = {
			isa = XCConfigurationList;
			buildConfigurations = (
				634792951B2B7E06001E5DDC /* Debug */,
				634792961B2B7E06001E5DDC /* Release */,
			);
			defaultConfigurationIsVisible = 0;
			defaultConfigurationName = Release;
		};
		634792971B2B7E06001E5DDC /* Build configuration list for PBXNativeTarget "Radiozoa" */ = {
			isa = XCConfigurationList;
			buildConfigurations = (
				634792981B2B7E06001E5DDC /* Debug */,
				634792991B2B7E06001E5DDC /* Release */,
			);
			defaultConfigurationIsVisible = 0;
			defaultConfigurationName = Release;
		};
		6347929A1B2B7E06001E5DDC /* Build configuration list for PBXNativeTarget "RadiozoaTests" */ = {
			isa = XCConfigurationList;
			buildConfigurations = (
				6347929B1B2B7E06001E5DDC /* Debug */,
				6347929C1B2B7E06001E5DDC /* Release */,
			);
			defaultConfigurationIsVisible = 0;
			defaultConfigurationName = Release;
		};
/* End XCConfigurationList section */
	};
	rootObject = 634792701B2B7E06001E5DDC /* Project object */;
}
